
Microsoft Visual Studio Solution File, Format Version 12.00
# Visual Studio Version 16
VisualStudioVersion = 16.0.31112.23
MinimumVisualStudioVersion = 10.0.40219.1
Project("{FAE04EC0-301F-11D3-BF4B-00C04F79EFBC}") = "RezaB.Threading", "RezaB.Threading\RezaB.Threading.csproj", "{500EFAAF-9D30-407A-93CB-6EC4BC99B9BA}"
EndProject
Project("{FAE04EC0-301F-11D3-BF4B-00C04F79EFBC}") = "RezaB.Radius.PacketStructure", "RezaB.Radius.PacketStructure\RezaB.Radius.PacketStructure.csproj", "{C4A59BAE-968C-41CD-85FD-276E2BEEB9A7}"
EndProject
Project("{FAE04EC0-301F-11D3-BF4B-00C04F79EFBC}") = "RezaB.Radius.Server", "RezaB.Radius.Server\RezaB.Radius.Server.csproj", "{CDAAD9DF-E816-414E-857D-6E31897C0369}"
EndProject
Project("{FAE04EC0-301F-11D3-BF4B-00C04F79EFBC}") = "RezaB.Radius.Server.Tester", "RezaB.Radius.Server.Tester\RezaB.Radius.Server.Tester.csproj", "{68DE69E4-84ED-4A2A-89C7-065CB684B2DC}"
EndProject
Project("{FAE04EC0-301F-11D3-BF4B-00C04F79EFBC}") = "RezaB.Radius.DAE.TestUnit", "RezaB.Radius.DAE.TestUnit\RezaB.Radius.DAE.TestUnit.csproj", "{DCAB65D3-5270-4EBE-9592-4CEA9D707129}"
EndProject
Project("{FAE04EC0-301F-11D3-BF4B-00C04F79EFBC}") = "RezaB.Radius.DAE", "RezaB.Radius.DAE\RezaB.Radius.DAE.csproj", "{06741BB8-D4B1-4B49-AB7A-A3AACB386242}"
EndProject
Project("{FAE04EC0-301F-11D3-BF4B-00C04F79EFBC}") = "RezaB.Radius.DAEHelper", "RezaB.Radius.DAEHelper\RezaB.Radius.DAEHelper.csproj", "{A0BA2E48-EBE1-458E-B584-DBF457641935}"
EndProject
Project("{FAE04EC0-301F-11D3-BF4B-00C04F79EFBC}") = "RezaB.Radius.Server.Caching", "RezaB.Radius.Server.Caching\RezaB.Radius.Server.Caching.csproj", "{1C0B340C-889B-4C1E-91D5-F8B011B577D1}"
EndProject
Project("{FAE04EC0-301F-11D3-BF4B-00C04F79EFBC}") = "RezaB.Radius.DAEHelper.TestUnit", "RezaB.Radius.DAEHelper.TestUnit\RezaB.Radius.DAEHelper.TestUnit.csproj", "{968A42C6-E207-4646-90E3-1282762C60FC}"
EndProject
Project("{FAE04EC0-301F-11D3-BF4B-00C04F79EFBC}") = "RezaB.Radius.Server.Service", "RezaB.Radius.Server.Service\RezaB.Radius.Server.Service.csproj", "{067D1C02-3C6A-41C6-8967-91EC82ECF845}"
EndProject
Project("{FAE04EC0-301F-11D3-BF4B-00C04F79EFBC}") = "RezaB.Radius.DAEHelper.Service", "RezaB.Radius.DAEHelper.Service\RezaB.Radius.DAEHelper.Service.csproj", "{C3C08733-C208-42C3-8068-80CD4CFCCC52}"
EndProject
Global
	GlobalSection(SolutionConfigurationPlatforms) = preSolution
		Debug|Any CPU = Debug|Any CPU
		Release|Any CPU = Release|Any CPU
	EndGlobalSection
	GlobalSection(ProjectConfigurationPlatforms) = postSolution
		{500EFAAF-9D30-407A-93CB-6EC4BC99B9BA}.Debug|Any CPU.ActiveCfg = Debug|Any CPU
		{500EFAAF-9D30-407A-93CB-6EC4BC99B9BA}.Debug|Any CPU.Build.0 = Debug|Any CPU
		{500EFAAF-9D30-407A-93CB-6EC4BC99B9BA}.Release|Any CPU.ActiveCfg = Release|Any CPU
		{500EFAAF-9D30-407A-93CB-6EC4BC99B9BA}.Release|Any CPU.Build.0 = Release|Any CPU
		{C4A59BAE-968C-41CD-85FD-276E2BEEB9A7}.Debug|Any CPU.ActiveCfg = Debug|Any CPU
		{C4A59BAE-968C-41CD-85FD-276E2BEEB9A7}.Debug|Any CPU.Build.0 = Debug|Any CPU
		{C4A59BAE-968C-41CD-85FD-276E2BEEB9A7}.Release|Any CPU.ActiveCfg = Release|Any CPU
		{C4A59BAE-968C-41CD-85FD-276E2BEEB9A7}.Release|Any CPU.Build.0 = Release|Any CPU
		{CDAAD9DF-E816-414E-857D-6E31897C0369}.Debug|Any CPU.ActiveCfg = Debug|Any CPU
		{CDAAD9DF-E816-414E-857D-6E31897C0369}.Debug|Any CPU.Build.0 = Debug|Any CPU
		{CDAAD9DF-E816-414E-857D-6E31897C0369}.Release|Any CPU.ActiveCfg = Release|Any CPU
		{CDAAD9DF-E816-414E-857D-6E31897C0369}.Release|Any CPU.Build.0 = Release|Any CPU
		{68DE69E4-84ED-4A2A-89C7-065CB684B2DC}.Debug|Any CPU.ActiveCfg = Debug|Any CPU
		{68DE69E4-84ED-4A2A-89C7-065CB684B2DC}.Debug|Any CPU.Build.0 = Debug|Any CPU
		{68DE69E4-84ED-4A2A-89C7-065CB684B2DC}.Release|Any CPU.ActiveCfg = Release|Any CPU
		{68DE69E4-84ED-4A2A-89C7-065CB684B2DC}.Release|Any CPU.Build.0 = Release|Any CPU
		{DCAB65D3-5270-4EBE-9592-4CEA9D707129}.Debug|Any CPU.ActiveCfg = Debug|Any CPU
		{DCAB65D3-5270-4EBE-9592-4CEA9D707129}.Debug|Any CPU.Build.0 = Debug|Any CPU
		{DCAB65D3-5270-4EBE-9592-4CEA9D707129}.Release|Any CPU.ActiveCfg = Release|Any CPU
		{DCAB65D3-5270-4EBE-9592-4CEA9D707129}.Release|Any CPU.Build.0 = Release|Any CPU
		{06741BB8-D4B1-4B49-AB7A-A3AACB386242}.Debug|Any CPU.ActiveCfg = Debug|Any CPU
		{06741BB8-D4B1-4B49-AB7A-A3AACB386242}.Debug|Any CPU.Build.0 = Debug|Any CPU
		{06741BB8-D4B1-4B49-AB7A-A3AACB386242}.Release|Any CPU.ActiveCfg = Release|Any CPU
		{06741BB8-D4B1-4B49-AB7A-A3AACB386242}.Release|Any CPU.Build.0 = Release|Any CPU
		{A0BA2E48-EBE1-458E-B584-DBF457641935}.Debug|Any CPU.ActiveCfg = Debug|Any CPU
		{A0BA2E48-EBE1-458E-B584-DBF457641935}.Debug|Any CPU.Build.0 = Debug|Any CPU
		{A0BA2E48-EBE1-458E-B584-DBF457641935}.Release|Any CPU.ActiveCfg = Release|Any CPU
		{A0BA2E48-EBE1-458E-B584-DBF457641935}.Release|Any CPU.Build.0 = Release|Any CPU
		{1C0B340C-889B-4C1E-91D5-F8B011B577D1}.Debug|Any CPU.ActiveCfg = Debug|Any CPU
		{1C0B340C-889B-4C1E-91D5-F8B011B577D1}.Debug|Any CPU.Build.0 = Debug|Any CPU
		{1C0B340C-889B-4C1E-91D5-F8B011B577D1}.Release|Any CPU.ActiveCfg = Release|Any CPU
		{1C0B340C-889B-4C1E-91D5-F8B011B577D1}.Release|Any CPU.Build.0 = Release|Any CPU
		{968A42C6-E207-4646-90E3-1282762C60FC}.Debug|Any CPU.ActiveCfg = Debug|Any CPU
		{968A42C6-E207-4646-90E3-1282762C60FC}.Debug|Any CPU.Build.0 = Debug|Any CPU
		{968A42C6-E207-4646-90E3-1282762C60FC}.Release|Any CPU.ActiveCfg = Release|Any CPU
		{968A42C6-E207-4646-90E3-1282762C60FC}.Release|Any CPU.Build.0 = Release|Any CPU
		{067D1C02-3C6A-41C6-8967-91EC82ECF845}.Debug|Any CPU.ActiveCfg = Debug|Any CPU
		{067D1C02-3C6A-41C6-8967-91EC82ECF845}.Debug|Any CPU.Build.0 = Debug|Any CPU
		{067D1C02-3C6A-41C6-8967-91EC82ECF845}.Release|Any CPU.ActiveCfg = Release|Any CPU
		{067D1C02-3C6A-41C6-8967-91EC82ECF845}.Release|Any CPU.Build.0 = Release|Any CPU
		{C3C08733-C208-42C3-8068-80CD4CFCCC52}.Debug|Any CPU.ActiveCfg = Debug|Any CPU
		{C3C08733-C208-42C3-8068-80CD4CFCCC52}.Debug|Any CPU.Build.0 = Debug|Any CPU
		{C3C08733-C208-42C3-8068-80CD4CFCCC52}.Release|Any CPU.ActiveCfg = Release|Any CPU
		{C3C08733-C208-42C3-8068-80CD4CFCCC52}.Release|Any CPU.Build.0 = Release|Any CPU
	EndGlobalSection
	GlobalSection(SolutionProperties) = preSolution
		HideSolutionNode = FALSE
	EndGlobalSection
	GlobalSection(ExtensibilityGlobals) = postSolution
		SolutionGuid = {42EBC527-E586-4779-9F1C-2D77D4DD3CAE}
	EndGlobalSection
EndGlobal
